
Microsoft Visual Studio Solution File, Format Version 12.00
# Visual Studio Version 16
Project("{8BC9CEB8-8B4A-11D0-8D11-00A0C91BC942}") = "ALL_BUILD", "ALL_BUILD.vcxproj", "{E7E0C4DE-65CD-330D-A805-50BA566489FA}"
	ProjectSection(ProjectDependencies) = postProject
		{D2626FF0-798A-3065-9561-A7CAF3409342} = {D2626FF0-798A-3065-9561-A7CAF3409342}
		{C5C3F4F5-8B8A-304D-BC71-9E2D4A59505B} = {C5C3F4F5-8B8A-304D-BC71-9E2D4A59505B}
	EndProjectSection
EndProject
Project("{8BC9CEB8-8B4A-11D0-8D11-00A0C91BC942}") = "Level_Render", "Level_Render.vcxproj", "{D2626FF0-798A-3065-9561-A7CAF3409342}"
	ProjectSection(ProjectDependencies) = postProject
		{C5C3F4F5-8B8A-304D-BC71-9E2D4A59505B} = {C5C3F4F5-8B8A-304D-BC71-9E2D4A59505B}
	EndProjectSection
EndProject
Project("{8BC9CEB8-8B4A-11D0-8D11-00A0C91BC942}") = "ZERO_CHECK", "ZERO_CHECK.vcxproj", "{C5C3F4F5-8B8A-304D-BC71-9E2D4A59505B}"
	ProjectSection(ProjectDependencies) = postProject
	EndProjectSection
EndProject
Global
	GlobalSection(SolutionConfigurationPlatforms) = preSolution
		Debug|x64 = Debug|x64
		Release|x64 = Release|x64
		MinSizeRel|x64 = MinSizeRel|x64
		RelWithDebInfo|x64 = RelWithDebInfo|x64
	EndGlobalSection
	GlobalSection(ProjectConfigurationPlatforms) = postSolution
		{E7E0C4DE-65CD-330D-A805-50BA566489FA}.Debug|x64.ActiveCfg = Debug|x64
		{E7E0C4DE-65CD-330D-A805-50BA566489FA}.Release|x64.ActiveCfg = Release|x64
		{E7E0C4DE-65CD-330D-A805-50BA566489FA}.MinSizeRel|x64.ActiveCfg = MinSizeRel|x64
		{E7E0C4DE-65CD-330D-A805-50BA566489FA}.RelWithDebInfo|x64.ActiveCfg = RelWithDebInfo|x64
		{D2626FF0-798A-3065-9561-A7CAF3409342}.Debug|x64.ActiveCfg = Debug|x64
		{D2626FF0-798A-3065-9561-A7CAF3409342}.Debug|x64.Build.0 = Debug|x64
		{D2626FF0-798A-3065-9561-A7CAF3409342}.Release|x64.ActiveCfg = Release|x64
		{D2626FF0-798A-3065-9561-A7CAF3409342}.Release|x64.Build.0 = Release|x64
		{D2626FF0-798A-3065-9561-A7CAF3409342}.MinSizeRel|x64.ActiveCfg = MinSizeRel|x64
		{D2626FF0-798A-3065-9561-A7CAF3409342}.MinSizeRel|x64.Build.0 = MinSizeRel|x64
		{D2626FF0-798A-3065-9561-A7CAF3409342}.RelWithDebInfo|x64.ActiveCfg = RelWithDebInfo|x64
		{D2626FF0-798A-3065-9561-A7CAF3409342}.RelWithDebInfo|x64.Build.0 = RelWithDebInfo|x64
		{C5C3F4F5-8B8A-304D-BC71-9E2D4A59505B}.Debug|x64.ActiveCfg = Debug|x64
		{C5C3F4F5-8B8A-304D-BC71-9E2D4A59505B}.Debug|x64.Build.0 = Debug|x64
		{C5C3F4F5-8B8A-304D-BC71-9E2D4A59505B}.Release|x64.ActiveCfg = Release|x64
		{C5C3F4F5-8B8A-304D-BC71-9E2D4A59505B}.Release|x64.Build.0 = Release|x64
		{C5C3F4F5-8B8A-304D-BC71-9E2D4A59505B}.MinSizeRel|x64.ActiveCfg = MinSizeRel|x64
		{C5C3F4F5-8B8A-304D-BC71-9E2D4A59505B}.MinSizeRel|x64.Build.0 = MinSizeRel|x64
		{C5C3F4F5-8B8A-304D-BC71-9E2D4A59505B}.RelWithDebInfo|x64.ActiveCfg = RelWithDebInfo|x64
		{C5C3F4F5-8B8A-304D-BC71-9E2D4A59505B}.RelWithDebInfo|x64.Build.0 = RelWithDebInfo|x64
	EndGlobalSection
	GlobalSection(ExtensibilityGlobals) = postSolution
		SolutionGuid = {0CF7D9E9-F905-32ED-A29F-D6E939BE1207}
	EndGlobalSection
	GlobalSection(ExtensibilityAddIns) = postSolution
	EndGlobalSection
EndGlobal
