<?xml version="1.0" encoding="utf-8"?>
<Project ToolsVersion="16.0" xmlns="http://schemas.microsoft.com/developer/msbuild/2003">
  <ItemGroup>
    <ClCompile Include="C:\Users\stewa\Desktop\Level Renderer\New folder\main.cpp">
      <Filter>Source Files</Filter>
    </ClCompile>
  </ItemGroup>
  <ItemGroup>
    <ClInclude Include="C:\Users\stewa\Desktop\Level Renderer\New folder\renderer.h">
      <Filter>Header Files</Filter>
    </ClInclude>
  </ItemGroup>
  <ItemGroup>
    <CustomBuild Include="C:\Users\stewa\Desktop\Level Renderer\New folder\CMakeLists.txt" />
  </ItemGroup>
  <ItemGroup>
    <Filter Include="Header Files">
      <UniqueIdentifier>{DE769F27-DF03-33B0-B84B-AD708FFBC3D9}</UniqueIdentifier>
    </Filter>
    <Filter Include="Source Files">
      <UniqueIdentifier>{4C3A81F8-5330-3797-AFE8-AEA9CEEB252B}</UniqueIdentifier>
    </Filter>
  </ItemGroup>
</Project>
